
Microsoft Visual Studio Solution File, Format Version 12.00
# Visual Studio 15
VisualStudioVersion = 15.0.26124.0
MinimumVisualStudioVersion = 15.0.26124.0
Project("{FAE04EC0-301F-11D3-BF4B-00C04F79EFBC}") = "Blog.Client", "Blog.Client\Blog.Client.csproj", "{5838A920-4356-4310-82A6-C1FF938B7445}"
EndProject
Project("{FAE04EC0-301F-11D3-BF4B-00C04F79EFBC}") = "Blog.CoreModel", "Blog.CoreModel\Blog.CoreModel.csproj", "{9DCAC10D-C627-465E-9A83-C7A497E2542A}"
EndProject
Project("{FAE04EC0-301F-11D3-BF4B-00C04F79EFBC}") = "Blog.InMemoryDataStore", "Blog.InMemoryDataStore\Blog.InMemoryDataStore.csproj", "{AE545AC7-8131-465E-9F12-B66011ADB3D0}"
EndProject
Project("{FAE04EC0-301F-11D3-BF4B-00C04F79EFBC}") = "Blog.Repository", "Blog.Repository\Blog.Repository.csproj", "{144720B5-2898-4672-8F5A-8A993CCB7CBC}"
EndProject
Project("{FAE04EC0-301F-11D3-BF4B-00C04F79EFBC}") = "Blog.API", "Blog.API\Blog.API.csproj", "{2CC3575A-4600-4CCD-A6CB-9AE1DDB57B39}"
EndProject
Project("{FAE04EC0-301F-11D3-BF4B-00C04F79EFBC}") = "Blog.TestBD", "Blog.TestBD\Blog.TestBD.csproj", "{AE658E1B-522E-4D9B-A661-D2E40B191B9A}"
EndProject
Global
	GlobalSection(SolutionConfigurationPlatforms) = preSolution
		Debug|Any CPU = Debug|Any CPU
		Debug|x64 = Debug|x64
		Debug|x86 = Debug|x86
		Release|Any CPU = Release|Any CPU
		Release|x64 = Release|x64
		Release|x86 = Release|x86
	EndGlobalSection
	GlobalSection(SolutionProperties) = preSolution
		HideSolutionNode = FALSE
	EndGlobalSection
	GlobalSection(ProjectConfigurationPlatforms) = postSolution
		{5838A920-4356-4310-82A6-C1FF938B7445}.Debug|Any CPU.ActiveCfg = Debug|Any CPU
		{5838A920-4356-4310-82A6-C1FF938B7445}.Debug|Any CPU.Build.0 = Debug|Any CPU
		{5838A920-4356-4310-82A6-C1FF938B7445}.Debug|x64.ActiveCfg = Debug|Any CPU
		{5838A920-4356-4310-82A6-C1FF938B7445}.Debug|x64.Build.0 = Debug|Any CPU
		{5838A920-4356-4310-82A6-C1FF938B7445}.Debug|x86.ActiveCfg = Debug|Any CPU
		{5838A920-4356-4310-82A6-C1FF938B7445}.Debug|x86.Build.0 = Debug|Any CPU
		{5838A920-4356-4310-82A6-C1FF938B7445}.Release|Any CPU.ActiveCfg = Release|Any CPU
		{5838A920-4356-4310-82A6-C1FF938B7445}.Release|Any CPU.Build.0 = Release|Any CPU
		{5838A920-4356-4310-82A6-C1FF938B7445}.Release|x64.ActiveCfg = Release|Any CPU
		{5838A920-4356-4310-82A6-C1FF938B7445}.Release|x64.Build.0 = Release|Any CPU
		{5838A920-4356-4310-82A6-C1FF938B7445}.Release|x86.ActiveCfg = Release|Any CPU
		{5838A920-4356-4310-82A6-C1FF938B7445}.Release|x86.Build.0 = Release|Any CPU
		{9DCAC10D-C627-465E-9A83-C7A497E2542A}.Debug|Any CPU.ActiveCfg = Debug|Any CPU
		{9DCAC10D-C627-465E-9A83-C7A497E2542A}.Debug|Any CPU.Build.0 = Debug|Any CPU
		{9DCAC10D-C627-465E-9A83-C7A497E2542A}.Debug|x64.ActiveCfg = Debug|Any CPU
		{9DCAC10D-C627-465E-9A83-C7A497E2542A}.Debug|x64.Build.0 = Debug|Any CPU
		{9DCAC10D-C627-465E-9A83-C7A497E2542A}.Debug|x86.ActiveCfg = Debug|Any CPU
		{9DCAC10D-C627-465E-9A83-C7A497E2542A}.Debug|x86.Build.0 = Debug|Any CPU
		{9DCAC10D-C627-465E-9A83-C7A497E2542A}.Release|Any CPU.ActiveCfg = Release|Any CPU
		{9DCAC10D-C627-465E-9A83-C7A497E2542A}.Release|Any CPU.Build.0 = Release|Any CPU
		{9DCAC10D-C627-465E-9A83-C7A497E2542A}.Release|x64.ActiveCfg = Release|Any CPU
		{9DCAC10D-C627-465E-9A83-C7A497E2542A}.Release|x64.Build.0 = Release|Any CPU
		{9DCAC10D-C627-465E-9A83-C7A497E2542A}.Release|x86.ActiveCfg = Release|Any CPU
		{9DCAC10D-C627-465E-9A83-C7A497E2542A}.Release|x86.Build.0 = Release|Any CPU
		{AE545AC7-8131-465E-9F12-B66011ADB3D0}.Debug|Any CPU.ActiveCfg = Debug|Any CPU
		{AE545AC7-8131-465E-9F12-B66011ADB3D0}.Debug|Any CPU.Build.0 = Debug|Any CPU
		{AE545AC7-8131-465E-9F12-B66011ADB3D0}.Debug|x64.ActiveCfg = Debug|Any CPU
		{AE545AC7-8131-465E-9F12-B66011ADB3D0}.Debug|x64.Build.0 = Debug|Any CPU
		{AE545AC7-8131-465E-9F12-B66011ADB3D0}.Debug|x86.ActiveCfg = Debug|Any CPU
		{AE545AC7-8131-465E-9F12-B66011ADB3D0}.Debug|x86.Build.0 = Debug|Any CPU
		{AE545AC7-8131-465E-9F12-B66011ADB3D0}.Release|Any CPU.ActiveCfg = Release|Any CPU
		{AE545AC7-8131-465E-9F12-B66011ADB3D0}.Release|Any CPU.Build.0 = Release|Any CPU
		{AE545AC7-8131-465E-9F12-B66011ADB3D0}.Release|x64.ActiveCfg = Release|Any CPU
		{AE545AC7-8131-465E-9F12-B66011ADB3D0}.Release|x64.Build.0 = Release|Any CPU
		{AE545AC7-8131-465E-9F12-B66011ADB3D0}.Release|x86.ActiveCfg = Release|Any CPU
		{AE545AC7-8131-465E-9F12-B66011ADB3D0}.Release|x86.Build.0 = Release|Any CPU
		{144720B5-2898-4672-8F5A-8A993CCB7CBC}.Debug|Any CPU.ActiveCfg = Debug|Any CPU
		{144720B5-2898-4672-8F5A-8A993CCB7CBC}.Debug|Any CPU.Build.0 = Debug|Any CPU
		{144720B5-2898-4672-8F5A-8A993CCB7CBC}.Debug|x64.ActiveCfg = Debug|Any CPU
		{144720B5-2898-4672-8F5A-8A993CCB7CBC}.Debug|x64.Build.0 = Debug|Any CPU
		{144720B5-2898-4672-8F5A-8A993CCB7CBC}.Debug|x86.ActiveCfg = Debug|Any CPU
		{144720B5-2898-4672-8F5A-8A993CCB7CBC}.Debug|x86.Build.0 = Debug|Any CPU
		{144720B5-2898-4672-8F5A-8A993CCB7CBC}.Release|Any CPU.ActiveCfg = Release|Any CPU
		{144720B5-2898-4672-8F5A-8A993CCB7CBC}.Release|Any CPU.Build.0 = Release|Any CPU
		{144720B5-2898-4672-8F5A-8A993CCB7CBC}.Release|x64.ActiveCfg = Release|Any CPU
		{144720B5-2898-4672-8F5A-8A993CCB7CBC}.Release|x64.Build.0 = Release|Any CPU
		{144720B5-2898-4672-8F5A-8A993CCB7CBC}.Release|x86.ActiveCfg = Release|Any CPU
		{144720B5-2898-4672-8F5A-8A993CCB7CBC}.Release|x86.Build.0 = Release|Any CPU
		{2CC3575A-4600-4CCD-A6CB-9AE1DDB57B39}.Debug|Any CPU.ActiveCfg = Debug|Any CPU
		{2CC3575A-4600-4CCD-A6CB-9AE1DDB57B39}.Debug|Any CPU.Build.0 = Debug|Any CPU
		{2CC3575A-4600-4CCD-A6CB-9AE1DDB57B39}.Debug|x64.ActiveCfg = Debug|Any CPU
		{2CC3575A-4600-4CCD-A6CB-9AE1DDB57B39}.Debug|x64.Build.0 = Debug|Any CPU
		{2CC3575A-4600-4CCD-A6CB-9AE1DDB57B39}.Debug|x86.ActiveCfg = Debug|Any CPU
		{2CC3575A-4600-4CCD-A6CB-9AE1DDB57B39}.Debug|x86.Build.0 = Debug|Any CPU
		{2CC3575A-4600-4CCD-A6CB-9AE1DDB57B39}.Release|Any CPU.ActiveCfg = Release|Any CPU
		{2CC3575A-4600-4CCD-A6CB-9AE1DDB57B39}.Release|Any CPU.Build.0 = Release|Any CPU
		{2CC3575A-4600-4CCD-A6CB-9AE1DDB57B39}.Release|x64.ActiveCfg = Release|Any CPU
		{2CC3575A-4600-4CCD-A6CB-9AE1DDB57B39}.Release|x64.Build.0 = Release|Any CPU
		{2CC3575A-4600-4CCD-A6CB-9AE1DDB57B39}.Release|x86.ActiveCfg = Release|Any CPU
		{2CC3575A-4600-4CCD-A6CB-9AE1DDB57B39}.Release|x86.Build.0 = Release|Any CPU
		{AE658E1B-522E-4D9B-A661-D2E40B191B9A}.Debug|Any CPU.ActiveCfg = Debug|Any CPU
		{AE658E1B-522E-4D9B-A661-D2E40B191B9A}.Debug|Any CPU.Build.0 = Debug|Any CPU
		{AE658E1B-522E-4D9B-A661-D2E40B191B9A}.Debug|x64.ActiveCfg = Debug|Any CPU
		{AE658E1B-522E-4D9B-A661-D2E40B191B9A}.Debug|x64.Build.0 = Debug|Any CPU
		{AE658E1B-522E-4D9B-A661-D2E40B191B9A}.Debug|x86.ActiveCfg = Debug|Any CPU
		{AE658E1B-522E-4D9B-A661-D2E40B191B9A}.Debug|x86.Build.0 = Debug|Any CPU
		{AE658E1B-522E-4D9B-A661-D2E40B191B9A}.Release|Any CPU.ActiveCfg = Release|Any CPU
		{AE658E1B-522E-4D9B-A661-D2E40B191B9A}.Release|Any CPU.Build.0 = Release|Any CPU
		{AE658E1B-522E-4D9B-A661-D2E40B191B9A}.Release|x64.ActiveCfg = Release|Any CPU
		{AE658E1B-522E-4D9B-A661-D2E40B191B9A}.Release|x64.Build.0 = Release|Any CPU
		{AE658E1B-522E-4D9B-A661-D2E40B191B9A}.Release|x86.ActiveCfg = Release|Any CPU
		{AE658E1B-522E-4D9B-A661-D2E40B191B9A}.Release|x86.Build.0 = Release|Any CPU
	EndGlobalSection
EndGlobal
